
Microsoft Visual Studio Solution File, Format Version 12.00
# Visual Studio Version 16
VisualStudioVersion = 16.0.31402.337
MinimumVisualStudioVersion = 10.0.40219.1
Project("{9A19103F-16F7-4668-BE54-9A1E7A4F7556}") = "Web", "Web.csproj", "{7B941C94-147C-44AE-968B-384A6208AB69}"
EndProject
Project("{9A19103F-16F7-4668-BE54-9A1E7A4F7556}") = "Infrastructure", "..\Infrastructure\Infrastructure.csproj", "{F2A578F7-57F0-4AB5-B506-F1F7054BEF30}"
EndProject
Project("{9A19103F-16F7-4668-BE54-9A1E7A4F7556}") = "Core", "..\Core\Core.csproj", "{EA74830A-E460-4CFB-B987-102D0C21337C}"
EndProject
Project("{9A19103F-16F7-4668-BE54-9A1E7A4F7556}") = "ClientMVC", "..\ClientMVC\ClientMVC.csproj", "{7BA90E28-DE98-42CB-B38C-F5EAB92F4FFE}"
EndProject
Project("{FAE04EC0-301F-11D3-BF4B-00C04F79EFBC}") = "Managment_flight_system.Tests", "..\Managment_flight_system.Tests\Managment_flight_system.Tests.csproj", "{73D224C0-F83C-46A8-B9E7-55A7AB045DFF}"
EndProject
Global
	GlobalSection(SolutionConfigurationPlatforms) = preSolution
		Debug|Any CPU = Debug|Any CPU
		Release|Any CPU = Release|Any CPU
	EndGlobalSection
	GlobalSection(ProjectConfigurationPlatforms) = postSolution
		{7B941C94-147C-44AE-968B-384A6208AB69}.Debug|Any CPU.ActiveCfg = Debug|Any CPU
		{7B941C94-147C-44AE-968B-384A6208AB69}.Debug|Any CPU.Build.0 = Debug|Any CPU
		{7B941C94-147C-44AE-968B-384A6208AB69}.Release|Any CPU.ActiveCfg = Release|Any CPU
		{7B941C94-147C-44AE-968B-384A6208AB69}.Release|Any CPU.Build.0 = Release|Any CPU
		{F2A578F7-57F0-4AB5-B506-F1F7054BEF30}.Debug|Any CPU.ActiveCfg = Debug|Any CPU
		{F2A578F7-57F0-4AB5-B506-F1F7054BEF30}.Debug|Any CPU.Build.0 = Debug|Any CPU
		{F2A578F7-57F0-4AB5-B506-F1F7054BEF30}.Release|Any CPU.ActiveCfg = Release|Any CPU
		{F2A578F7-57F0-4AB5-B506-F1F7054BEF30}.Release|Any CPU.Build.0 = Release|Any CPU
		{EA74830A-E460-4CFB-B987-102D0C21337C}.Debug|Any CPU.ActiveCfg = Debug|Any CPU
		{EA74830A-E460-4CFB-B987-102D0C21337C}.Debug|Any CPU.Build.0 = Debug|Any CPU
		{EA74830A-E460-4CFB-B987-102D0C21337C}.Release|Any CPU.ActiveCfg = Release|Any CPU
		{EA74830A-E460-4CFB-B987-102D0C21337C}.Release|Any CPU.Build.0 = Release|Any CPU
		{7BA90E28-DE98-42CB-B38C-F5EAB92F4FFE}.Debug|Any CPU.ActiveCfg = Debug|Any CPU
		{7BA90E28-DE98-42CB-B38C-F5EAB92F4FFE}.Debug|Any CPU.Build.0 = Debug|Any CPU
		{7BA90E28-DE98-42CB-B38C-F5EAB92F4FFE}.Release|Any CPU.ActiveCfg = Release|Any CPU
		{7BA90E28-DE98-42CB-B38C-F5EAB92F4FFE}.Release|Any CPU.Build.0 = Release|Any CPU
		{73D224C0-F83C-46A8-B9E7-55A7AB045DFF}.Debug|Any CPU.ActiveCfg = Debug|Any CPU
		{73D224C0-F83C-46A8-B9E7-55A7AB045DFF}.Debug|Any CPU.Build.0 = Debug|Any CPU
		{73D224C0-F83C-46A8-B9E7-55A7AB045DFF}.Release|Any CPU.ActiveCfg = Release|Any CPU
		{73D224C0-F83C-46A8-B9E7-55A7AB045DFF}.Release|Any CPU.Build.0 = Release|Any CPU
	EndGlobalSection
	GlobalSection(SolutionProperties) = preSolution
		HideSolutionNode = FALSE
	EndGlobalSection
	GlobalSection(ExtensibilityGlobals) = postSolution
		SolutionGuid = {CCD9608E-FAB4-40F3-B5F7-9A2A643AC8B4}
	EndGlobalSection
EndGlobal
